
Microsoft Visual Studio Solution File, Format Version 12.00
# Visual Studio 15
VisualStudioVersion = 15.0.27428.2043
MinimumVisualStudioVersion = 10.0.40219.1
Project("{FAE04EC0-301F-11D3-BF4B-00C04F79EFBC}") = "01. Stadium Revenue", "01. Stadium Revenue\01. Stadium Revenue.csproj", "{DF2F75A0-E7D3-481C-AEE5-DCFFDB47B158}"
EndProject
Project("{FAE04EC0-301F-11D3-BF4B-00C04F79EFBC}") = "02. Beer And Chips", "02. Beer And Chips\02. Beer And Chips.csproj", "{E0B89128-0658-4BCF-8E4A-06EF74F91FCB}"
EndProject
Project("{FAE04EC0-301F-11D3-BF4B-00C04F79EFBC}") = "03. Football Souveneers", "03. Football Souveneers\03. Football Souveneers.csproj", "{AE439735-5187-4251-A0AD-8BB44B99280D}"
EndProject
Project("{FAE04EC0-301F-11D3-BF4B-00C04F79EFBC}") = "04. Best Player", "04. Best Player\04. Best Player.csproj", "{6EA2AE9D-4A03-4563-A0B8-B226D6D3F951}"
EndProject
Project("{FAE04EC0-301F-11D3-BF4B-00C04F79EFBC}") = "05. Fan Magazine", "05. Fan Magazine\05. Fan Magazine.csproj", "{A573E2F6-C29D-4F3D-BF14-BB63D5438814}"
EndProject
Global
	GlobalSection(SolutionConfigurationPlatforms) = preSolution
		Debug|Any CPU = Debug|Any CPU
		Release|Any CPU = Release|Any CPU
	EndGlobalSection
	GlobalSection(ProjectConfigurationPlatforms) = postSolution
		{DF2F75A0-E7D3-481C-AEE5-DCFFDB47B158}.Debug|Any CPU.ActiveCfg = Debug|Any CPU
		{DF2F75A0-E7D3-481C-AEE5-DCFFDB47B158}.Debug|Any CPU.Build.0 = Debug|Any CPU
		{DF2F75A0-E7D3-481C-AEE5-DCFFDB47B158}.Release|Any CPU.ActiveCfg = Release|Any CPU
		{DF2F75A0-E7D3-481C-AEE5-DCFFDB47B158}.Release|Any CPU.Build.0 = Release|Any CPU
		{E0B89128-0658-4BCF-8E4A-06EF74F91FCB}.Debug|Any CPU.ActiveCfg = Debug|Any CPU
		{E0B89128-0658-4BCF-8E4A-06EF74F91FCB}.Debug|Any CPU.Build.0 = Debug|Any CPU
		{E0B89128-0658-4BCF-8E4A-06EF74F91FCB}.Release|Any CPU.ActiveCfg = Release|Any CPU
		{E0B89128-0658-4BCF-8E4A-06EF74F91FCB}.Release|Any CPU.Build.0 = Release|Any CPU
		{AE439735-5187-4251-A0AD-8BB44B99280D}.Debug|Any CPU.ActiveCfg = Debug|Any CPU
		{AE439735-5187-4251-A0AD-8BB44B99280D}.Debug|Any CPU.Build.0 = Debug|Any CPU
		{AE439735-5187-4251-A0AD-8BB44B99280D}.Release|Any CPU.ActiveCfg = Release|Any CPU
		{AE439735-5187-4251-A0AD-8BB44B99280D}.Release|Any CPU.Build.0 = Release|Any CPU
		{6EA2AE9D-4A03-4563-A0B8-B226D6D3F951}.Debug|Any CPU.ActiveCfg = Debug|Any CPU
		{6EA2AE9D-4A03-4563-A0B8-B226D6D3F951}.Debug|Any CPU.Build.0 = Debug|Any CPU
		{6EA2AE9D-4A03-4563-A0B8-B226D6D3F951}.Release|Any CPU.ActiveCfg = Release|Any CPU
		{6EA2AE9D-4A03-4563-A0B8-B226D6D3F951}.Release|Any CPU.Build.0 = Release|Any CPU
		{A573E2F6-C29D-4F3D-BF14-BB63D5438814}.Debug|Any CPU.ActiveCfg = Debug|Any CPU
		{A573E2F6-C29D-4F3D-BF14-BB63D5438814}.Debug|Any CPU.Build.0 = Debug|Any CPU
		{A573E2F6-C29D-4F3D-BF14-BB63D5438814}.Release|Any CPU.ActiveCfg = Release|Any CPU
		{A573E2F6-C29D-4F3D-BF14-BB63D5438814}.Release|Any CPU.Build.0 = Release|Any CPU
	EndGlobalSection
	GlobalSection(SolutionProperties) = preSolution
		HideSolutionNode = FALSE
	EndGlobalSection
	GlobalSection(ExtensibilityGlobals) = postSolution
		SolutionGuid = {6716FC0D-0343-4EC3-9DB8-C53CFBDB5ED4}
	EndGlobalSection
EndGlobal
