
Microsoft Visual Studio Solution File, Format Version 12.00
# Visual Studio 15
VisualStudioVersion = 15.0.27428.2043
MinimumVisualStudioVersion = 10.0.40219.1
Project("{FAE04EC0-301F-11D3-BF4B-00C04F79EFBC}") = "01. Numbers to 1000 ending with 7", "01. Numbers to 1000 ending with 7\01. Numbers to 1000 ending with 7.csproj", "{D35E5F7D-EF3D-4BA7-9B4A-C050852108B5}"
EndProject
Project("{FAE04EC0-301F-11D3-BF4B-00C04F79EFBC}") = "02. Larger than Sum", "02. Larger than Sum\02. Larger than Sum.csproj", "{C5F357C9-1840-420C-A47D-A22FDCF292E0}"
EndProject
Project("{FAE04EC0-301F-11D3-BF4B-00C04F79EFBC}") = "03. Odd Or Even Position", "03. Odd Or Even Position\03. Odd Or Even Position.csproj", "{D9779829-DCE3-4FC9-8001-AB329D9D3DF3}"
EndProject
Project("{FAE04EC0-301F-11D3-BF4B-00C04F79EFBC}") = "04. Equal Pairs", "04. Equal Pairs\04. Equal Pairs.csproj", "{FE263CE3-39D9-4556-A178-C01F937691BB}"
EndProject
Project("{FAE04EC0-301F-11D3-BF4B-00C04F79EFBC}") = "05. Histogram", "05. Histogram\05. Histogram.csproj", "{B94A6F87-DAED-4349-AD5B-64C8A0EEE3ED}"
EndProject
Project("{FAE04EC0-301F-11D3-BF4B-00C04F79EFBC}") = "06. Divide Without Remainder", "06. Divide Without Remainder\06. Divide Without Remainder.csproj", "{4321BDB2-6FCC-41B2-9AF1-4C89903FA0AA}"
EndProject
Project("{FAE04EC0-301F-11D3-BF4B-00C04F79EFBC}") = "07. Salary", "07. Salary\07. Salary.csproj", "{1E107DFD-6E42-42D9-9D4B-9CD49B7151EF}"
EndProject
Global
	GlobalSection(SolutionConfigurationPlatforms) = preSolution
		Debug|Any CPU = Debug|Any CPU
		Release|Any CPU = Release|Any CPU
	EndGlobalSection
	GlobalSection(ProjectConfigurationPlatforms) = postSolution
		{D35E5F7D-EF3D-4BA7-9B4A-C050852108B5}.Debug|Any CPU.ActiveCfg = Debug|Any CPU
		{D35E5F7D-EF3D-4BA7-9B4A-C050852108B5}.Debug|Any CPU.Build.0 = Debug|Any CPU
		{D35E5F7D-EF3D-4BA7-9B4A-C050852108B5}.Release|Any CPU.ActiveCfg = Release|Any CPU
		{D35E5F7D-EF3D-4BA7-9B4A-C050852108B5}.Release|Any CPU.Build.0 = Release|Any CPU
		{C5F357C9-1840-420C-A47D-A22FDCF292E0}.Debug|Any CPU.ActiveCfg = Debug|Any CPU
		{C5F357C9-1840-420C-A47D-A22FDCF292E0}.Debug|Any CPU.Build.0 = Debug|Any CPU
		{C5F357C9-1840-420C-A47D-A22FDCF292E0}.Release|Any CPU.ActiveCfg = Release|Any CPU
		{C5F357C9-1840-420C-A47D-A22FDCF292E0}.Release|Any CPU.Build.0 = Release|Any CPU
		{D9779829-DCE3-4FC9-8001-AB329D9D3DF3}.Debug|Any CPU.ActiveCfg = Debug|Any CPU
		{D9779829-DCE3-4FC9-8001-AB329D9D3DF3}.Debug|Any CPU.Build.0 = Debug|Any CPU
		{D9779829-DCE3-4FC9-8001-AB329D9D3DF3}.Release|Any CPU.ActiveCfg = Release|Any CPU
		{D9779829-DCE3-4FC9-8001-AB329D9D3DF3}.Release|Any CPU.Build.0 = Release|Any CPU
		{FE263CE3-39D9-4556-A178-C01F937691BB}.Debug|Any CPU.ActiveCfg = Debug|Any CPU
		{FE263CE3-39D9-4556-A178-C01F937691BB}.Debug|Any CPU.Build.0 = Debug|Any CPU
		{FE263CE3-39D9-4556-A178-C01F937691BB}.Release|Any CPU.ActiveCfg = Release|Any CPU
		{FE263CE3-39D9-4556-A178-C01F937691BB}.Release|Any CPU.Build.0 = Release|Any CPU
		{B94A6F87-DAED-4349-AD5B-64C8A0EEE3ED}.Debug|Any CPU.ActiveCfg = Debug|Any CPU
		{B94A6F87-DAED-4349-AD5B-64C8A0EEE3ED}.Debug|Any CPU.Build.0 = Debug|Any CPU
		{B94A6F87-DAED-4349-AD5B-64C8A0EEE3ED}.Release|Any CPU.ActiveCfg = Release|Any CPU
		{B94A6F87-DAED-4349-AD5B-64C8A0EEE3ED}.Release|Any CPU.Build.0 = Release|Any CPU
		{4321BDB2-6FCC-41B2-9AF1-4C89903FA0AA}.Debug|Any CPU.ActiveCfg = Debug|Any CPU
		{4321BDB2-6FCC-41B2-9AF1-4C89903FA0AA}.Debug|Any CPU.Build.0 = Debug|Any CPU
		{4321BDB2-6FCC-41B2-9AF1-4C89903FA0AA}.Release|Any CPU.ActiveCfg = Release|Any CPU
		{4321BDB2-6FCC-41B2-9AF1-4C89903FA0AA}.Release|Any CPU.Build.0 = Release|Any CPU
		{1E107DFD-6E42-42D9-9D4B-9CD49B7151EF}.Debug|Any CPU.ActiveCfg = Debug|Any CPU
		{1E107DFD-6E42-42D9-9D4B-9CD49B7151EF}.Debug|Any CPU.Build.0 = Debug|Any CPU
		{1E107DFD-6E42-42D9-9D4B-9CD49B7151EF}.Release|Any CPU.ActiveCfg = Release|Any CPU
		{1E107DFD-6E42-42D9-9D4B-9CD49B7151EF}.Release|Any CPU.Build.0 = Release|Any CPU
	EndGlobalSection
	GlobalSection(SolutionProperties) = preSolution
		HideSolutionNode = FALSE
	EndGlobalSection
	GlobalSection(ExtensibilityGlobals) = postSolution
		SolutionGuid = {FCF5ADE2-A81C-479D-8B05-DCE397681024}
	EndGlobalSection
EndGlobal
